
Microsoft Visual Studio Solution File, Format Version 12.00
# Visual Studio 15
VisualStudioVersion = 15.0.26430.14
MinimumVisualStudioVersion = 10.0.40219.1
Project("{FAE04EC0-301F-11D3-BF4B-00C04F79EFBC}") = "Styleable.Xamarin.iOS", "Styleable.Xamarin.iOS\Styleable.Xamarin.iOS.csproj", "{24B63478-2A48-45F1-9D83-F5BF8F65BBCF}"
EndProject
Global
	GlobalSection(SolutionConfigurationPlatforms) = preSolution
		Debug|Any CPU = Debug|Any CPU
		Release|Any CPU = Release|Any CPU
	EndGlobalSection
	GlobalSection(ProjectConfigurationPlatforms) = postSolution
		{24B63478-2A48-45F1-9D83-F5BF8F65BBCF}.Debug|Any CPU.ActiveCfg = Debug|Any CPU
		{24B63478-2A48-45F1-9D83-F5BF8F65BBCF}.Debug|Any CPU.Build.0 = Debug|Any CPU
		{24B63478-2A48-45F1-9D83-F5BF8F65BBCF}.Release|Any CPU.ActiveCfg = Release|Any CPU
		{24B63478-2A48-45F1-9D83-F5BF8F65BBCF}.Release|Any CPU.Build.0 = Release|Any CPU
	EndGlobalSection
	GlobalSection(SolutionProperties) = preSolution
		HideSolutionNode = FALSE
	EndGlobalSection
EndGlobal
