
Microsoft Visual Studio Solution File, Format Version 12.00
# Visual Studio 15
VisualStudioVersion = 15.0.26430.14
MinimumVisualStudioVersion = 10.0.40219.1
Project("{FAE04EC0-301F-11D3-BF4B-00C04F79EFBC}") = "Styleable.Xamarin.iOS", "Styleable.Xamarin.iOS\Styleable.Xamarin.iOS.csproj", "{24B63478-2A48-45F1-9D83-F5BF8F65BBCF}"
EndProject
Project("{FAE04EC0-301F-11D3-BF4B-00C04F79EFBC}") = "Styleable.Xamarin.iOS.TestApp", "Styleable.Xamarin.iOS.TestApp\Styleable.Xamarin.iOS.TestApp.csproj", "{9D71328B-781D-47F2-8C00-DF0AFFEFF7EC}"
EndProject
Global
	GlobalSection(SolutionConfigurationPlatforms) = preSolution
		Ad-Hoc|Any CPU = Ad-Hoc|Any CPU
		Ad-Hoc|iPhone = Ad-Hoc|iPhone
		Ad-Hoc|iPhoneSimulator = Ad-Hoc|iPhoneSimulator
		AppStore|Any CPU = AppStore|Any CPU
		AppStore|iPhone = AppStore|iPhone
		AppStore|iPhoneSimulator = AppStore|iPhoneSimulator
		Debug|Any CPU = Debug|Any CPU
		Debug|iPhone = Debug|iPhone
		Debug|iPhoneSimulator = Debug|iPhoneSimulator
		Release|Any CPU = Release|Any CPU
		Release|iPhone = Release|iPhone
		Release|iPhoneSimulator = Release|iPhoneSimulator
	EndGlobalSection
	GlobalSection(ProjectConfigurationPlatforms) = postSolution
		{24B63478-2A48-45F1-9D83-F5BF8F65BBCF}.Ad-Hoc|Any CPU.ActiveCfg = Release|Any CPU
		{24B63478-2A48-45F1-9D83-F5BF8F65BBCF}.Ad-Hoc|Any CPU.Build.0 = Release|Any CPU
		{24B63478-2A48-45F1-9D83-F5BF8F65BBCF}.Ad-Hoc|iPhone.ActiveCfg = Release|Any CPU
		{24B63478-2A48-45F1-9D83-F5BF8F65BBCF}.Ad-Hoc|iPhone.Build.0 = Release|Any CPU
		{24B63478-2A48-45F1-9D83-F5BF8F65BBCF}.Ad-Hoc|iPhoneSimulator.ActiveCfg = Release|Any CPU
		{24B63478-2A48-45F1-9D83-F5BF8F65BBCF}.Ad-Hoc|iPhoneSimulator.Build.0 = Release|Any CPU
		{24B63478-2A48-45F1-9D83-F5BF8F65BBCF}.AppStore|Any CPU.ActiveCfg = Release|Any CPU
		{24B63478-2A48-45F1-9D83-F5BF8F65BBCF}.AppStore|Any CPU.Build.0 = Release|Any CPU
		{24B63478-2A48-45F1-9D83-F5BF8F65BBCF}.AppStore|iPhone.ActiveCfg = Release|Any CPU
		{24B63478-2A48-45F1-9D83-F5BF8F65BBCF}.AppStore|iPhone.Build.0 = Release|Any CPU
		{24B63478-2A48-45F1-9D83-F5BF8F65BBCF}.AppStore|iPhoneSimulator.ActiveCfg = Release|Any CPU
		{24B63478-2A48-45F1-9D83-F5BF8F65BBCF}.AppStore|iPhoneSimulator.Build.0 = Release|Any CPU
		{24B63478-2A48-45F1-9D83-F5BF8F65BBCF}.Debug|Any CPU.ActiveCfg = Debug|Any CPU
		{24B63478-2A48-45F1-9D83-F5BF8F65BBCF}.Debug|Any CPU.Build.0 = Debug|Any CPU
		{24B63478-2A48-45F1-9D83-F5BF8F65BBCF}.Debug|iPhone.ActiveCfg = Debug|Any CPU
		{24B63478-2A48-45F1-9D83-F5BF8F65BBCF}.Debug|iPhone.Build.0 = Debug|Any CPU
		{24B63478-2A48-45F1-9D83-F5BF8F65BBCF}.Debug|iPhoneSimulator.ActiveCfg = Debug|Any CPU
		{24B63478-2A48-45F1-9D83-F5BF8F65BBCF}.Debug|iPhoneSimulator.Build.0 = Debug|Any CPU
		{24B63478-2A48-45F1-9D83-F5BF8F65BBCF}.Release|Any CPU.ActiveCfg = Release|Any CPU
		{24B63478-2A48-45F1-9D83-F5BF8F65BBCF}.Release|Any CPU.Build.0 = Release|Any CPU
		{24B63478-2A48-45F1-9D83-F5BF8F65BBCF}.Release|iPhone.ActiveCfg = Release|Any CPU
		{24B63478-2A48-45F1-9D83-F5BF8F65BBCF}.Release|iPhone.Build.0 = Release|Any CPU
		{24B63478-2A48-45F1-9D83-F5BF8F65BBCF}.Release|iPhoneSimulator.ActiveCfg = Release|Any CPU
		{24B63478-2A48-45F1-9D83-F5BF8F65BBCF}.Release|iPhoneSimulator.Build.0 = Release|Any CPU
		{9D71328B-781D-47F2-8C00-DF0AFFEFF7EC}.Ad-Hoc|Any CPU.ActiveCfg = Ad-Hoc|iPhone
		{9D71328B-781D-47F2-8C00-DF0AFFEFF7EC}.Ad-Hoc|iPhone.ActiveCfg = Ad-Hoc|iPhone
		{9D71328B-781D-47F2-8C00-DF0AFFEFF7EC}.Ad-Hoc|iPhone.Build.0 = Ad-Hoc|iPhone
		{9D71328B-781D-47F2-8C00-DF0AFFEFF7EC}.Ad-Hoc|iPhoneSimulator.ActiveCfg = Ad-Hoc|iPhoneSimulator
		{9D71328B-781D-47F2-8C00-DF0AFFEFF7EC}.Ad-Hoc|iPhoneSimulator.Build.0 = Ad-Hoc|iPhoneSimulator
		{9D71328B-781D-47F2-8C00-DF0AFFEFF7EC}.AppStore|Any CPU.ActiveCfg = AppStore|iPhone
		{9D71328B-781D-47F2-8C00-DF0AFFEFF7EC}.AppStore|iPhone.ActiveCfg = AppStore|iPhone
		{9D71328B-781D-47F2-8C00-DF0AFFEFF7EC}.AppStore|iPhone.Build.0 = AppStore|iPhone
		{9D71328B-781D-47F2-8C00-DF0AFFEFF7EC}.AppStore|iPhoneSimulator.ActiveCfg = AppStore|iPhoneSimulator
		{9D71328B-781D-47F2-8C00-DF0AFFEFF7EC}.AppStore|iPhoneSimulator.Build.0 = AppStore|iPhoneSimulator
		{9D71328B-781D-47F2-8C00-DF0AFFEFF7EC}.Debug|Any CPU.ActiveCfg = Debug|iPhone
		{9D71328B-781D-47F2-8C00-DF0AFFEFF7EC}.Debug|iPhone.ActiveCfg = Debug|iPhone
		{9D71328B-781D-47F2-8C00-DF0AFFEFF7EC}.Debug|iPhone.Build.0 = Debug|iPhone
		{9D71328B-781D-47F2-8C00-DF0AFFEFF7EC}.Debug|iPhoneSimulator.ActiveCfg = Debug|iPhoneSimulator
		{9D71328B-781D-47F2-8C00-DF0AFFEFF7EC}.Debug|iPhoneSimulator.Build.0 = Debug|iPhoneSimulator
		{9D71328B-781D-47F2-8C00-DF0AFFEFF7EC}.Release|Any CPU.ActiveCfg = Release|iPhone
		{9D71328B-781D-47F2-8C00-DF0AFFEFF7EC}.Release|iPhone.ActiveCfg = Release|iPhone
		{9D71328B-781D-47F2-8C00-DF0AFFEFF7EC}.Release|iPhone.Build.0 = Release|iPhone
		{9D71328B-781D-47F2-8C00-DF0AFFEFF7EC}.Release|iPhoneSimulator.ActiveCfg = Release|iPhoneSimulator
		{9D71328B-781D-47F2-8C00-DF0AFFEFF7EC}.Release|iPhoneSimulator.Build.0 = Release|iPhoneSimulator
	EndGlobalSection
	GlobalSection(SolutionProperties) = preSolution
		HideSolutionNode = FALSE
	EndGlobalSection
EndGlobal
